
Microsoft Visual Studio Solution File, Format Version 11.00
# Visual Studio 2010
Project("{FAE04EC0-301F-11D3-BF4B-00C04F79EFBC}") = "Assembly-CSharp", "Assembly-CSharp.csproj", "{0C818CF8-C33C-DBC9-9E44-EE7D511CC2FC}"
EndProject
Project("{FAE04EC0-301F-11D3-BF4B-00C04F79EFBC}") = "Assembly-CSharp-firstpass", "Assembly-CSharp-firstpass.csproj", "{A461D1CE-9F4B-A0A8-DC62-2177A90A81C2}"
EndProject
Project("{FAE04EC0-301F-11D3-BF4B-00C04F79EFBC}") = "Assembly-CSharp-Editor-firstpass", "Assembly-CSharp-Editor-firstpass.csproj", "{5CA9F799-2FBC-4FE9-D1C5-D27F604573EB}"
EndProject
Global
	GlobalSection(SolutionConfigurationPlatforms) = preSolution
		Debug|Any CPU = Debug|Any CPU
		Release|Any CPU = Release|Any CPU
	EndGlobalSection
	GlobalSection(ProjectConfigurationPlatforms) = postSolution
		{0C818CF8-C33C-DBC9-9E44-EE7D511CC2FC}.Debug|Any CPU.ActiveCfg = Debug|Any CPU
		{0C818CF8-C33C-DBC9-9E44-EE7D511CC2FC}.Debug|Any CPU.Build.0 = Debug|Any CPU
		{0C818CF8-C33C-DBC9-9E44-EE7D511CC2FC}.Release|Any CPU.ActiveCfg = Release|Any CPU
		{0C818CF8-C33C-DBC9-9E44-EE7D511CC2FC}.Release|Any CPU.Build.0 = Release|Any CPU
		{A461D1CE-9F4B-A0A8-DC62-2177A90A81C2}.Debug|Any CPU.ActiveCfg = Debug|Any CPU
		{A461D1CE-9F4B-A0A8-DC62-2177A90A81C2}.Debug|Any CPU.Build.0 = Debug|Any CPU
		{A461D1CE-9F4B-A0A8-DC62-2177A90A81C2}.Release|Any CPU.ActiveCfg = Release|Any CPU
		{A461D1CE-9F4B-A0A8-DC62-2177A90A81C2}.Release|Any CPU.Build.0 = Release|Any CPU
		{5CA9F799-2FBC-4FE9-D1C5-D27F604573EB}.Debug|Any CPU.ActiveCfg = Debug|Any CPU
		{5CA9F799-2FBC-4FE9-D1C5-D27F604573EB}.Debug|Any CPU.Build.0 = Debug|Any CPU
		{5CA9F799-2FBC-4FE9-D1C5-D27F604573EB}.Release|Any CPU.ActiveCfg = Release|Any CPU
		{5CA9F799-2FBC-4FE9-D1C5-D27F604573EB}.Release|Any CPU.Build.0 = Release|Any CPU
	EndGlobalSection
	GlobalSection(SolutionProperties) = preSolution
		HideSolutionNode = FALSE
	EndGlobalSection
EndGlobal
